PODS:
  - audioplayers_darwin (0.0.1):
    - Flutter
    - FlutterMacOS
  - Flutter (1.0.0)
  - flutter_tts (0.0.1):
    - Flutter
  - package_info_plus (0.4.5):
    - Flutter
  - shared_preferences_foundation (0.0.1):
    - Flutter
    - FlutterMacOS
  - UMAPM (2.0.7):
    - UMCommon
  - UMCommon (7.5.8):
    - UMDevice
  - UMDevice (3.5.0)
  - umeng_apm_sdk (0.0.1):
    - Flutter
    - UMAPM
  - umeng_common_sdk (0.0.1):
    - Flutter
    - UMCommon
    - UMDevice

DEPENDENCIES:
  - audioplayers_darwin (from `.symlinks/plugins/audioplayers_darwin/darwin`)
  - Flutter (from `Flutter`)
  - flutter_tts (from `.symlinks/plugins/flutter_tts/ios`)
  - package_info_plus (from `.symlinks/plugins/package_info_plus/ios`)
  - shared_preferences_foundation (from `.symlinks/plugins/shared_preferences_foundation/darwin`)
  - umeng_apm_sdk (from `.symlinks/plugins/umeng_apm_sdk/ios`)
  - umeng_common_sdk (from `.symlinks/plugins/umeng_common_sdk/ios`)

SPEC REPOS:
  trunk:
    - UMAPM
    - UMCommon
    - UMDevice

EXTERNAL SOURCES:
  audioplayers_darwin:
    :path: ".symlinks/plugins/audioplayers_darwin/darwin"
  Flutter:
    :path: Flutter
  flutter_tts:
    :path: ".symlinks/plugins/flutter_tts/ios"
  package_info_plus:
    :path: ".symlinks/plugins/package_info_plus/ios"
  shared_preferences_foundation:
    :path: ".symlinks/plugins/shared_preferences_foundation/darwin"
  umeng_apm_sdk:
    :path: ".symlinks/plugins/umeng_apm_sdk/ios"
  umeng_common_sdk:
    :path: ".symlinks/plugins/umeng_common_sdk/ios"

SPEC CHECKSUMS:
  audioplayers_darwin: 4f9ca89d92d3d21cec7ec580e78ca888e5fb68bd
  Flutter: cabc95a1d2626b1b06e7179b784ebcf0c0cde467
  flutter_tts: 35ac3c7d42412733e795ea96ad2d7e05d0a75113
  package_info_plus: af8e2ca6888548050f16fa2f1938db7b5a5df499
  shared_preferences_foundation: 7036424c3d8ec98dfe75ff1667cb0cd531ec82bb
  UMAPM: ba9fbebe8dd2048b251c332ab0afc86e1ba5ea63
  UMCommon: 963893dfc8307f744ea24f497972f1d896d0a59a
  UMDevice: bfb480e21a43c8a9a9479e7a8b43b1c4994149c2
  umeng_apm_sdk: 62096406fedba420191f284da145e63d64a3ffcb
  umeng_common_sdk: 095b63e6f83b71548725a7c03a6c17b23be6674b

PODFILE CHECKSUM: 3c63482e143d1b91d2d2560aee9fb04ecc74ac7e

COCOAPODS: 1.16.2
